
Microsoft Visual Studio Solution File, Format Version 12.00
# Visual Studio Version 17
VisualStudioVersion = 17.6.33712.159
MinimumVisualStudioVersion = 10.0.40219.1
Project("{FAE04EC0-301F-11D3-BF4B-00C04F79EFBC}") = "DrawSphereDemo", "DrawSphereDemo\DrawSphereDemo.csproj", "{EC9291B4-A12D-4E3B-A73E-8425E90374A1}"
EndProject
Global
	GlobalSection(SolutionConfigurationPlatforms) = preSolution
		Debug|Any CPU = Debug|Any CPU
		Release|Any CPU = Release|Any CPU
	EndGlobalSection
	GlobalSection(ProjectConfigurationPlatforms) = postSolution
		{EC9291B4-A12D-4E3B-A73E-8425E90374A1}.Debug|Any CPU.ActiveCfg = Debug|Any CPU
		{EC9291B4-A12D-4E3B-A73E-8425E90374A1}.Debug|Any CPU.Build.0 = Debug|Any CPU
		{EC9291B4-A12D-4E3B-A73E-8425E90374A1}.Release|Any CPU.ActiveCfg = Release|Any CPU
		{EC9291B4-A12D-4E3B-A73E-8425E90374A1}.Release|Any CPU.Build.0 = Release|Any CPU
	EndGlobalSection
	GlobalSection(SolutionProperties) = preSolution
		HideSolutionNode = FALSE
	EndGlobalSection
	GlobalSection(ExtensibilityGlobals) = postSolution
		SolutionGuid = {7EF66A4C-3B52-47AA-927D-DD5AC2699CE2}
	EndGlobalSection
EndGlobal
